
Microsoft Visual Studio Solution File, Format Version 12.00
# Visual Studio Version 17
VisualStudioVersion = 17.0.31903.59
MinimumVisualStudioVersion = 10.0.40219.1
Project("{2150E333-8FDC-42A3-9474-1A3956D46DE8}") = "src", "src", "{88CA5D16-5CC8-4CA7-AFD5-4D5FB77675C1}"
EndProject
Project("{FAE04EC0-301F-11D3-BF4B-00C04F79EFBC}") = "TodoApp.Presentation", "src\TodoApp.Presentation\TodoApp.Presentation.csproj", "{435B9AC3-F4FD-43D7-BD7D-7F619FB1BE6A}"
EndProject
Project("{FAE04EC0-301F-11D3-BF4B-00C04F79EFBC}") = "TodoApp.Domain", "src\TodoApp.Domain\TodoApp.Domain.csproj", "{D6615CD6-85D6-4A7C-B200-9912601A88FD}"
EndProject
Project("{FAE04EC0-301F-11D3-BF4B-00C04F79EFBC}") = "TodoApp.Application", "src\TodoApp.Application\TodoApp.Application.csproj", "{11296701-3AB2-4A51-B1F1-F77FE0350C23}"
EndProject
Project("{FAE04EC0-301F-11D3-BF4B-00C04F79EFBC}") = "TodoApp.Infrastructure", "src\TodoApp.Infrastructure\TodoApp.Infrastructure.csproj", "{BCE4C247-4780-423D-A81E-E526201E66A1}"
EndProject
Global
	GlobalSection(SolutionConfigurationPlatforms) = preSolution
		Debug|Any CPU = Debug|Any CPU
		Release|Any CPU = Release|Any CPU
	EndGlobalSection
	GlobalSection(SolutionProperties) = preSolution
		HideSolutionNode = FALSE
	EndGlobalSection
	GlobalSection(ProjectConfigurationPlatforms) = postSolution
		{435B9AC3-F4FD-43D7-BD7D-7F619FB1BE6A}.Debug|Any CPU.ActiveCfg = Debug|Any CPU
		{435B9AC3-F4FD-43D7-BD7D-7F619FB1BE6A}.Debug|Any CPU.Build.0 = Debug|Any CPU
		{435B9AC3-F4FD-43D7-BD7D-7F619FB1BE6A}.Release|Any CPU.ActiveCfg = Release|Any CPU
		{435B9AC3-F4FD-43D7-BD7D-7F619FB1BE6A}.Release|Any CPU.Build.0 = Release|Any CPU
		{D6615CD6-85D6-4A7C-B200-9912601A88FD}.Debug|Any CPU.ActiveCfg = Debug|Any CPU
		{D6615CD6-85D6-4A7C-B200-9912601A88FD}.Debug|Any CPU.Build.0 = Debug|Any CPU
		{D6615CD6-85D6-4A7C-B200-9912601A88FD}.Release|Any CPU.ActiveCfg = Release|Any CPU
		{D6615CD6-85D6-4A7C-B200-9912601A88FD}.Release|Any CPU.Build.0 = Release|Any CPU
		{11296701-3AB2-4A51-B1F1-F77FE0350C23}.Debug|Any CPU.ActiveCfg = Debug|Any CPU
		{11296701-3AB2-4A51-B1F1-F77FE0350C23}.Debug|Any CPU.Build.0 = Debug|Any CPU
		{11296701-3AB2-4A51-B1F1-F77FE0350C23}.Release|Any CPU.ActiveCfg = Release|Any CPU
		{11296701-3AB2-4A51-B1F1-F77FE0350C23}.Release|Any CPU.Build.0 = Release|Any CPU
		{BCE4C247-4780-423D-A81E-E526201E66A1}.Debug|Any CPU.ActiveCfg = Debug|Any CPU
		{BCE4C247-4780-423D-A81E-E526201E66A1}.Debug|Any CPU.Build.0 = Debug|Any CPU
		{BCE4C247-4780-423D-A81E-E526201E66A1}.Release|Any CPU.ActiveCfg = Release|Any CPU
		{BCE4C247-4780-423D-A81E-E526201E66A1}.Release|Any CPU.Build.0 = Release|Any CPU
	EndGlobalSection
	GlobalSection(NestedProjects) = preSolution
		{435B9AC3-F4FD-43D7-BD7D-7F619FB1BE6A} = {88CA5D16-5CC8-4CA7-AFD5-4D5FB77675C1}
		{D6615CD6-85D6-4A7C-B200-9912601A88FD} = {88CA5D16-5CC8-4CA7-AFD5-4D5FB77675C1}
		{11296701-3AB2-4A51-B1F1-F77FE0350C23} = {88CA5D16-5CC8-4CA7-AFD5-4D5FB77675C1}
		{BCE4C247-4780-423D-A81E-E526201E66A1} = {88CA5D16-5CC8-4CA7-AFD5-4D5FB77675C1}
	EndGlobalSection
EndGlobal
